{
    "_readme": [
        "This file locks the dependencies of your project to a known state",
        "Read more about it at https://getcomposer.org/doc/01-basic-usage.md#composer-lock-the-lock-file",
        "This file is @generated automatically"
    ],
    "content-hash": "23a4575608b68656ed4a081f68947d64",
    "packages": [
        {
            "name": "composer/installers",
            "version": "v1.5.0",
            "source": {
                "type": "git",
                "url": "https://github.com/composer/installers.git",
                "reference": "049797d727261bf27f2690430d935067710049c2"
            },
            "dist": {
                "type": "zip",
                "url": "https://api.github.com/repos/composer/installers/zipball/049797d727261bf27f2690430d935067710049c2",
                "reference": "049797d727261bf27f2690430d935067710049c2",
                "shasum": ""
            },
            "require": {
                "composer-plugin-api": "^1.0"
            },
            "replace": {
                "roundcube/plugin-installer": "*",
                "shama/baton": "*"
            },
            "require-dev": {
                "composer/composer": "1.0.*@dev",
                "phpunit/phpunit": "^4.8.36"
            },
            "type": "composer-plugin",
            "extra": {
                "class": "Composer\\Installers\\Plugin",
                "branch-alias": {
                    "dev-master": "1.0-dev"
                }
            },
            "autoload": {
                "psr-4": {
                    "Composer\\Installers\\": "src/Composer/Installers"
                }
            },
            "notification-url": "https://packagist.org/downloads/",
            "license": [
                "MIT"
            ],
            "authors": [
                {
                    "name": "Kyle Robinson Young",
                    "email": "kyle@dontkry.com",
                    "homepage": "https://github.com/shama"
                }
            ],
            "description": "A multi-framework Composer library installer",
            "homepage": "https://composer.github.io/installers/",
            "keywords": [
                "Craft",
                "Dolibarr",
                "Eliasis",
                "Hurad",
                "ImageCMS",
                "Kanboard",
                "Lan Management System",
                "MODX Evo",
                "Mautic",
                "Maya",
                "OXID",
                "Plentymarkets",
                "Porto",
                "RadPHP",
                "SMF",
                "Thelia",
                "WolfCMS",
                "agl",
                "aimeos",
                "annotatecms",
                "attogram",
                "bitrix",
                "cakephp",
                "chef",
                "cockpit",
                "codeigniter",
                "concrete5",
                "croogo",
                "dokuwiki",
                "drupal",
                "eZ Platform",
                "elgg",
                "expressionengine",
                "fuelphp",
                "grav",
                "installer",
                "itop",
                "joomla",
                "kohana",
                "laravel",
                "lavalite",
                "lithium",
                "magento",
                "majima",
                "mako",
                "mediawiki",
                "modulework",
                "modx",
                "moodle",
                "osclass",
                "phpbb",
                "piwik",
                "ppi",
                "puppet",
                "pxcms",
                "reindex",
                "roundcube",
                "shopware",
                "silverstripe",
                "sydes",
                "symfony",
                "typo3",
                "wordpress",
                "yawik",
                "zend",
                "zikula"
            ],
            "time": "2017-12-29T09:13:20+00:00"
        },
        {
            "name": "monolog/monolog",
            "version": "1.23.0",
            "source": {
                "type": "git",
                "url": "https://github.com/Seldaek/monolog.git",
                "reference": "fd8c787753b3a2ad11bc60c063cff1358a32a3b4"
            },
            "dist": {
                "type": "zip",
                "url": "https://api.github.com/repos/Seldaek/monolog/zipball/fd8c787753b3a2ad11bc60c063cff1358a32a3b4",
                "reference": "fd8c787753b3a2ad11bc60c063cff1358a32a3b4",
                "shasum": ""
            },
            "require": {
                "php": ">=5.3.0",
                "psr/log": "~1.0"
            },
            "provide": {
                "psr/log-implementation": "1.0.0"
            },
            "require-dev": {
                "aws/aws-sdk-php": "^2.4.9 || ^3.0",
                "doctrine/couchdb": "~1.0@dev",
                "graylog2/gelf-php": "~1.0",
                "jakub-onderka/php-parallel-lint": "0.9",
                "php-amqplib/php-amqplib": "~2.4",
                "php-console/php-console": "^3.1.3",
                "phpunit/phpunit": "~4.5",
                "phpunit/phpunit-mock-objects": "2.3.0",
                "ruflin/elastica": ">=0.90 <3.0",
                "sentry/sentry": "^0.13",
                "swiftmailer/swiftmailer": "^5.3|^6.0"
            },
            "suggest": {
                "aws/aws-sdk-php": "Allow sending log messages to AWS services like DynamoDB",
                "doctrine/couchdb": "Allow sending log messages to a CouchDB server",
                "ext-amqp": "Allow sending log messages to an AMQP server (1.0+ required)",
                "ext-mongo": "Allow sending log messages to a MongoDB server",
                "graylog2/gelf-php": "Allow sending log messages to a GrayLog2 server",
                "mongodb/mongodb": "Allow sending log messages to a MongoDB server via PHP Driver",
                "php-amqplib/php-amqplib": "Allow sending log messages to an AMQP server using php-amqplib",
                "php-console/php-console": "Allow sending log messages to Google Chrome",
                "rollbar/rollbar": "Allow sending log messages to Rollbar",
                "ruflin/elastica": "Allow sending log messages to an Elastic Search server",
                "sentry/sentry": "Allow sending log messages to a Sentry server"
            },
            "type": "library",
            "extra": {
                "branch-alias": {
                    "dev-master": "2.0.x-dev"
                }
            },
            "autoload": {
                "psr-4": {
                    "Monolog\\": "src/Monolog"
                }
            },
            "notification-url": "https://packagist.org/downloads/",
            "license": [
                "MIT"
            ],
            "authors": [
                {
                    "name": "Jordi Boggiano",
                    "email": "j.boggiano@seld.be",
                    "homepage": "http://seld.be"
                }
            ],
            "description": "Sends your logs to files, sockets, inboxes, databases and various web services",
            "homepage": "http://github.com/Seldaek/monolog",
            "keywords": [
                "log",
                "logging",
                "psr-3"
            ],
            "time": "2017-06-19T01:22:40+00:00"
        },
        {
            "name": "psr/log",
            "version": "1.0.2",
            "source": {
                "type": "git",
                "url": "https://github.com/php-fig/log.git",
                "reference": "4ebe3a8bf773a19edfe0a84b6585ba3d401b724d"
            },
            "dist": {
                "type": "zip",
                "url": "https://api.github.com/repos/php-fig/log/zipball/4ebe3a8bf773a19edfe0a84b6585ba3d401b724d",
                "reference": "4ebe3a8bf773a19edfe0a84b6585ba3d401b724d",
                "shasum": ""
            },
            "require": {
                "php": ">=5.3.0"
            },
            "type": "library",
            "extra": {
                "branch-alias": {
                    "dev-master": "1.0.x-dev"
                }
            },
            "autoload": {
                "psr-4": {
                    "Psr\\Log\\": "Psr/Log/"
                }
            },
            "notification-url": "https://packagist.org/downloads/",
            "license": [
                "MIT"
            ],
            "authors": [
                {
                    "name": "PHP-FIG",
                    "homepage": "http://www.php-fig.org/"
                }
            ],
            "description": "Common interface for logging libraries",
            "homepage": "https://github.com/php-fig/log",
            "keywords": [
                "log",
                "psr",
                "psr-3"
            ],
            "time": "2016-10-10T12:19:37+00:00"
        },
        {
            "name": "roots/wp-password-bcrypt",
            "version": "1.0.0",
            "source": {
                "type": "git",
                "url": "https://github.com/roots/wp-password-bcrypt.git",
                "reference": "5cecd2e98ccc3193443cc5c5db9b3bc7abed5ffa"
            },
            "dist": {
                "type": "zip",
                "url": "https://api.github.com/repos/roots/wp-password-bcrypt/zipball/5cecd2e98ccc3193443cc5c5db9b3bc7abed5ffa",
                "reference": "5cecd2e98ccc3193443cc5c5db9b3bc7abed5ffa",
                "shasum": ""
            },
            "require": {
                "composer/installers": "~1.0",
                "php": ">=5.5.0"
            },
            "require-dev": {
                "brain/monkey": "^1.3.1",
                "mockery/mockery": "^0.9.4",
                "phpunit/phpunit": "^4.8.23|^5.2.9",
                "squizlabs/php_codesniffer": "^2.5.1"
            },
            "type": "library",
            "autoload": {
                "files": [
                    "wp-password-bcrypt.php"
                ]
            },
            "notification-url": "https://packagist.org/downloads/",
            "license": [
                "MIT"
            ],
            "authors": [
                {
                    "name": "Scott Walkinshaw",
                    "email": "scott.walkinshaw@gmail.com",
                    "homepage": "https://github.com/swalkinshaw"
                },
                {
                    "name": "qwp6t",
                    "homepage": "https://github.com/qwp6t"
                },
                {
                    "name": "Jan Pingel",
                    "email": "jpingel@bitpiston.com",
                    "homepage": "http://janpingel.com"
                }
            ],
            "description": "WordPress plugin which replaces wp_hash_password and wp_check_password's phpass hasher with PHP 5.5's password_hash and password_verify using bcrypt.",
            "homepage": "https://roots.io/plugins/wp-password-bcrypt",
            "keywords": [
                "wordpress wp bcrypt password"
            ],
            "time": "2016-03-01T16:27:06+00:00"
        },
        {
            "name": "wpackagist-plugin/accordion-shortcodes",
            "version": "2.3.3",
            "source": {
                "type": "svn",
                "url": "https://plugins.svn.wordpress.org/accordion-shortcodes/",
                "reference": "tags/2.3.3"
            },
            "dist": {
                "type": "zip",
                "url": "https://downloads.wordpress.org/plugin/accordion-shortcodes.2.3.3.zip",
                "reference": "tags/2.3.3",
                "shasum": null
            },
            "require": {
                "composer/installers": "~1.0"
            },
            "type": "wordpress-plugin",
            "homepage": "https://wordpress.org/plugins/accordion-shortcodes/"
        },
        {
            "name": "wpackagist-plugin/acf-media-credit",
            "version": "2.3.7",
            "source": {
                "type": "svn",
                "url": "https://plugins.svn.wordpress.org/acf-media-credit/",
                "reference": "tags/2.3.7"
            },
            "dist": {
                "type": "zip",
                "url": "https://downloads.wordpress.org/plugin/acf-media-credit.2.3.7.zip",
                "reference": null,
                "shasum": null
            },
            "require": {
                "composer/installers": "~1.0"
            },
            "type": "wordpress-plugin",
            "homepage": "https://wordpress.org/plugins/acf-media-credit/"
        },
        {
            "name": "wpackagist-plugin/acf-to-rest-api",
            "version": "3.1.0",
            "source": {
                "type": "svn",
                "url": "https://plugins.svn.wordpress.org/acf-to-rest-api/",
                "reference": "tags/3.1.0"
            },
            "dist": {
                "type": "zip",
                "url": "https://downloads.wordpress.org/plugin/acf-to-rest-api.3.1.0.zip",
                "reference": null,
                "shasum": null
            },
            "require": {
                "composer/installers": "~1.0"
            },
            "type": "wordpress-plugin",
            "homepage": "https://wordpress.org/plugins/acf-to-rest-api/"
        },
        {
            "name": "wpackagist-plugin/add-category-to-pages",
            "version": "1.0",
            "source": {
                "type": "svn",
                "url": "https://plugins.svn.wordpress.org/add-category-to-pages/",
                "reference": "trunk"
            },
            "dist": {
                "type": "zip",
                "url": "https://downloads.wordpress.org/plugin/add-category-to-pages.zip?timestamp=1421475917",
                "reference": "trunk",
                "shasum": null
            },
            "require": {
                "composer/installers": "~1.0"
            },
            "type": "wordpress-plugin",
            "homepage": "https://wordpress.org/plugins/add-category-to-pages/"
        },
        {
            "name": "wpackagist-plugin/breadcrumb-navxt",
            "version": "5.7.1",
            "source": {
                "type": "svn",
                "url": "https://plugins.svn.wordpress.org/breadcrumb-navxt/",
                "reference": "tags/5.7.1"
            },
            "dist": {
                "type": "zip",
                "url": "https://downloads.wordpress.org/plugin/breadcrumb-navxt.5.7.1.zip",
                "reference": "tags/5.7.1",
                "shasum": null
            },
            "require": {
                "composer/installers": "~1.0"
            },
            "type": "wordpress-plugin",
            "homepage": "https://wordpress.org/plugins/breadcrumb-navxt/"
        },
        {
            "name": "wpackagist-plugin/cms-tree-page-view",
            "version": "1.5",
            "source": {
                "type": "svn",
                "url": "https://plugins.svn.wordpress.org/cms-tree-page-view/",
                "reference": "tags/1.5"
            },
            "dist": {
                "type": "zip",
                "url": "https://downloads.wordpress.org/plugin/cms-tree-page-view.1.5.zip",
                "reference": null,
                "shasum": null
            },
            "require": {
                "composer/installers": "~1.0"
            },
            "type": "wordpress-plugin",
            "homepage": "https://wordpress.org/plugins/cms-tree-page-view/"
        },
        {
            "name": "wpackagist-plugin/contact-form-7",
            "version": "4.9.2",
            "source": {
                "type": "svn",
                "url": "https://plugins.svn.wordpress.org/contact-form-7/",
                "reference": "tags/4.9.2"
            },
            "dist": {
                "type": "zip",
                "url": "https://downloads.wordpress.org/plugin/contact-form-7.4.9.2.zip",
                "reference": null,
                "shasum": null
            },
            "require": {
                "composer/installers": "~1.0"
            },
            "type": "wordpress-plugin",
            "homepage": "https://wordpress.org/plugins/contact-form-7/"
        },
        {
            "name": "wpackagist-plugin/custom-twitter-feeds",
            "version": "1.2.9",
            "source": {
                "type": "svn",
                "url": "https://plugins.svn.wordpress.org/custom-twitter-feeds/",
                "reference": "tags/1.2.9"
            },
            "dist": {
                "type": "zip",
                "url": "https://downloads.wordpress.org/plugin/custom-twitter-feeds.1.2.9.zip",
                "reference": null,
                "shasum": null
            },
            "require": {
                "composer/installers": "~1.0"
            },
            "type": "wordpress-plugin",
            "homepage": "https://wordpress.org/plugins/custom-twitter-feeds/"
        },
        {
            "name": "wpackagist-plugin/display-all-image-sizes",
            "version": "1.1.6",
            "source": {
                "type": "svn",
                "url": "https://plugins.svn.wordpress.org/display-all-image-sizes/",
                "reference": "trunk"
            },
            "dist": {
                "type": "zip",
                "url": "https://downloads.wordpress.org/plugin/display-all-image-sizes.zip?timestamp=1493923901",
                "reference": "trunk",
                "shasum": null
            },
            "require": {
                "composer/installers": "~1.0"
            },
            "type": "wordpress-plugin",
            "homepage": "https://wordpress.org/plugins/display-all-image-sizes/"
        },
        {
            "name": "wpackagist-plugin/duplicate-post",
            "version": "3.2.2",
            "source": {
                "type": "svn",
                "url": "https://plugins.svn.wordpress.org/duplicate-post/",
                "reference": "tags/3.2.2"
            },
            "dist": {
                "type": "zip",
                "url": "https://downloads.wordpress.org/plugin/duplicate-post.3.2.2.zip",
                "reference": null,
                "shasum": null
            },
            "require": {
                "composer/installers": "~1.0"
            },
            "type": "wordpress-plugin",
            "homepage": "https://wordpress.org/plugins/duplicate-post/"
        },
        {
            "name": "wpackagist-plugin/easy-social-share-buttons",
            "version": "1.4.5",
            "source": {
                "type": "svn",
                "url": "https://plugins.svn.wordpress.org/easy-social-share-buttons/",
                "reference": "tags/1.4.5"
            },
            "dist": {
                "type": "zip",
                "url": "https://downloads.wordpress.org/plugin/easy-social-share-buttons.1.4.5.zip",
                "reference": null,
                "shasum": null
            },
            "require": {
                "composer/installers": "~1.0"
            },
            "type": "wordpress-plugin",
            "homepage": "https://wordpress.org/plugins/easy-social-share-buttons/"
        },
        {
            "name": "wpackagist-plugin/filter-page-by-template",
            "version": "1.1",
            "source": {
                "type": "svn",
                "url": "https://plugins.svn.wordpress.org/filter-page-by-template/",
                "reference": "tags/1.1"
            },
            "dist": {
                "type": "zip",
                "url": "https://downloads.wordpress.org/plugin/filter-page-by-template.1.1.zip",
                "reference": null,
                "shasum": null
            },
            "require": {
                "composer/installers": "~1.0"
            },
            "type": "wordpress-plugin",
            "homepage": "https://wordpress.org/plugins/filter-page-by-template/"
        },
        {
            "name": "wpackagist-plugin/font-resizer",
            "version": "1.3.5",
            "source": {
                "type": "svn",
                "url": "https://plugins.svn.wordpress.org/font-resizer/",
                "reference": "tags/1.3.5"
            },
            "dist": {
                "type": "zip",
                "url": "https://downloads.wordpress.org/plugin/font-resizer.1.3.5.zip",
                "reference": "tags/1.3.5",
                "shasum": null
            },
            "require": {
                "composer/installers": "~1.0"
            },
            "type": "wordpress-plugin",
            "homepage": "https://wordpress.org/plugins/font-resizer/"
        },
        {
            "name": "wpackagist-plugin/iframe",
            "version": "4.3",
            "source": {
                "type": "svn",
                "url": "https://plugins.svn.wordpress.org/iframe/",
                "reference": "tags/4.3"
            },
            "dist": {
                "type": "zip",
                "url": "https://downloads.wordpress.org/plugin/iframe.4.3.zip",
                "reference": null,
                "shasum": null
            },
            "require": {
                "composer/installers": "~1.0"
            },
            "type": "wordpress-plugin",
            "homepage": "https://wordpress.org/plugins/iframe/"
        },
        {
            "name": "wpackagist-plugin/insert-php",
            "version": "1.3",
            "source": {
                "type": "svn",
                "url": "https://plugins.svn.wordpress.org/insert-php/",
                "reference": "trunk"
            },
            "dist": {
                "type": "zip",
                "url": "https://downloads.wordpress.org/plugin/insert-php.zip?timestamp=1443536651",
                "reference": "trunk",
                "shasum": null
            },
            "require": {
                "composer/installers": "~1.0"
            },
            "type": "wordpress-plugin",
            "homepage": "https://wordpress.org/plugins/insert-php/"
        },
        {
            "name": "wpackagist-plugin/jquery-font-resizer",
            "version": "1.0",
            "source": {
                "type": "svn",
                "url": "https://plugins.svn.wordpress.org/jquery-font-resizer/",
                "reference": "trunk"
            },
            "dist": {
                "type": "zip",
                "url": "https://downloads.wordpress.org/plugin/jquery-font-resizer.zip?timestamp=1253020798",
                "reference": "trunk",
                "shasum": null
            },
            "require": {
                "composer/installers": "~1.0"
            },
            "type": "wordpress-plugin",
            "homepage": "https://wordpress.org/plugins/jquery-font-resizer/"
        },
        {
            "name": "wpackagist-plugin/ml-slider",
            "version": "3.7.2",
            "source": {
                "type": "svn",
                "url": "https://plugins.svn.wordpress.org/ml-slider/",
                "reference": "tags/3.7.2"
            },
            "dist": {
                "type": "zip",
                "url": "https://downloads.wordpress.org/plugin/ml-slider.3.7.2.zip",
                "reference": null,
                "shasum": null
            },
            "require": {
                "composer/installers": "~1.0"
            },
            "type": "wordpress-plugin",
            "homepage": "https://wordpress.org/plugins/ml-slider/"
        },
        {
            "name": "wpackagist-plugin/popup-maker",
            "version": "1.7.22",
            "source": {
                "type": "svn",
                "url": "https://plugins.svn.wordpress.org/popup-maker/",
                "reference": "tags/1.7.22"
            },
            "dist": {
                "type": "zip",
                "url": "https://downloads.wordpress.org/plugin/popup-maker.1.7.22.zip",
                "reference": null,
                "shasum": null
            },
            "require": {
                "composer/installers": "~1.0"
            },
            "type": "wordpress-plugin",
            "homepage": "https://wordpress.org/plugins/popup-maker/"
        },
        {
            "name": "wpackagist-plugin/post-thumbnail-editor",
            "version": "2.4.8",
            "source": {
                "type": "svn",
                "url": "https://plugins.svn.wordpress.org/post-thumbnail-editor/",
                "reference": "tags/2.4.8"
            },
            "dist": {
                "type": "zip",
                "url": "https://downloads.wordpress.org/plugin/post-thumbnail-editor.2.4.8.zip",
                "reference": "tags/2.4.8",
                "shasum": null
            },
            "require": {
                "composer/installers": "~1.0"
            },
            "type": "wordpress-plugin",
            "homepage": "https://wordpress.org/plugins/post-thumbnail-editor/"
        },
        {
            "name": "wpackagist-plugin/redirection",
            "version": "3.2.1",
            "source": {
                "type": "svn",
                "url": "https://plugins.svn.wordpress.org/redirection/",
                "reference": "tags/3.2.1"
            },
            "dist": {
                "type": "zip",
                "url": "https://downloads.wordpress.org/plugin/redirection.3.2.1.zip",
                "reference": null,
                "shasum": null
            },
            "require": {
                "composer/installers": "~1.0"
            },
            "type": "wordpress-plugin",
            "homepage": "https://wordpress.org/plugins/redirection/"
        },
        {
            "name": "wpackagist-plugin/regenerate-thumbnails",
            "version": "2.3.1",
            "source": {
                "type": "svn",
                "url": "https://plugins.svn.wordpress.org/regenerate-thumbnails/",
                "reference": "tags/2.3.1"
            },
            "dist": {
                "type": "zip",
                "url": "https://downloads.wordpress.org/plugin/regenerate-thumbnails.2.3.1.zip",
                "reference": null,
                "shasum": null
            },
            "require": {
                "composer/installers": "~1.0"
            },
            "type": "wordpress-plugin",
            "homepage": "https://wordpress.org/plugins/regenerate-thumbnails/"
        },
        {
            "name": "wpackagist-plugin/relevanssi",
            "version": "4.0.10.1",
            "source": {
                "type": "svn",
                "url": "https://plugins.svn.wordpress.org/relevanssi/",
                "reference": "tags/4.0.10.1"
            },
            "dist": {
                "type": "zip",
                "url": "https://downloads.wordpress.org/plugin/relevanssi.4.0.10.1.zip",
                "reference": null,
                "shasum": null
            },
            "require": {
                "composer/installers": "~1.0"
            },
            "type": "wordpress-plugin",
            "homepage": "https://wordpress.org/plugins/relevanssi/"
        },
        {
            "name": "wpackagist-plugin/simple-page-tester",
            "version": "1.4.4",
            "source": {
                "type": "svn",
                "url": "https://plugins.svn.wordpress.org/simple-page-tester/",
                "reference": "trunk"
            },
            "dist": {
                "type": "zip",
                "url": "https://downloads.wordpress.org/plugin/simple-page-tester.zip?timestamp=1490749829",
                "reference": "trunk",
                "shasum": null
            },
            "require": {
                "composer/installers": "~1.0"
            },
            "type": "wordpress-plugin",
            "homepage": "https://wordpress.org/plugins/simple-page-tester/"
        },
        {
            "name": "wpackagist-plugin/tinymce-advanced",
            "version": "4.7.11",
            "source": {
                "type": "svn",
                "url": "https://plugins.svn.wordpress.org/tinymce-advanced/",
                "reference": "tags/4.7.11"
            },
            "dist": {
                "type": "zip",
                "url": "https://downloads.wordpress.org/plugin/tinymce-advanced.4.7.11.zip",
                "reference": null,
                "shasum": null
            },
            "require": {
                "composer/installers": "~1.0"
            },
            "type": "wordpress-plugin",
            "homepage": "https://wordpress.org/plugins/tinymce-advanced/"
        },
        {
            "name": "wpackagist-plugin/ultimate-responsive-image-slider",
            "version": "3.1.6",
            "source": {
                "type": "svn",
                "url": "https://plugins.svn.wordpress.org/ultimate-responsive-image-slider/",
                "reference": "tags/3.1.6"
            },
            "dist": {
                "type": "zip",
                "url": "https://downloads.wordpress.org/plugin/ultimate-responsive-image-slider.3.1.6.zip",
                "reference": null,
                "shasum": null
            },
            "require": {
                "composer/installers": "~1.0"
            },
            "type": "wordpress-plugin",
            "homepage": "https://wordpress.org/plugins/ultimate-responsive-image-slider/"
        },
        {
            "name": "wpackagist-plugin/wordpress-seo",
            "version": "7.5.3",
            "source": {
                "type": "svn",
                "url": "https://plugins.svn.wordpress.org/wordpress-seo/",
                "reference": "tags/7.5.3"
            },
            "dist": {
                "type": "zip",
                "url": "https://downloads.wordpress.org/plugin/wordpress-seo.7.5.3.zip",
                "reference": null,
                "shasum": null
            },
            "require": {
                "composer/installers": "~1.0"
            },
            "type": "wordpress-plugin",
            "homepage": "https://wordpress.org/plugins/wordpress-seo/"
        },
        {
            "name": "wpackagist-plugin/wp-custom-widget-area",
            "version": "1.2.5",
            "source": {
                "type": "svn",
                "url": "https://plugins.svn.wordpress.org/wp-custom-widget-area/",
                "reference": "tags/1.2.5"
            },
            "dist": {
                "type": "zip",
                "url": "https://downloads.wordpress.org/plugin/wp-custom-widget-area.1.2.5.zip",
                "reference": "tags/1.2.5",
                "shasum": null
            },
            "require": {
                "composer/installers": "~1.0"
            },
            "type": "wordpress-plugin",
            "homepage": "https://wordpress.org/plugins/wp-custom-widget-area/"
        }
    ],
    "packages-dev": [],
    "aliases": [],
    "minimum-stability": "stable",
    "stability-flags": [],
    "prefer-stable": false,
    "prefer-lowest": false,
    "platform": [],
    "platform-dev": []
}
